
Microsoft Visual Studio Solution File, Format Version 12.00
# Visual Studio Version 17
VisualStudioVersion = 17.9.34728.123
MinimumVisualStudioVersion = 10.0.40219.1
Project("{FAE04EC0-301F-11D3-BF4B-00C04F79EFBC}") = "WebScrapeLearning", "WebScrapeLearning\WebScrapeLearning.csproj", "{9EF413F3-ABB0-4992-9B60-E92F1B07BB74}"
EndProject
Global
	GlobalSection(SolutionConfigurationPlatforms) = preSolution
		Debug|Any CPU = Debug|Any CPU
		Release|Any CPU = Release|Any CPU
	EndGlobalSection
	GlobalSection(ProjectConfigurationPlatforms) = postSolution
		{9EF413F3-ABB0-4992-9B60-E92F1B07BB74}.Debug|Any CPU.ActiveCfg = Debug|Any CPU
		{9EF413F3-ABB0-4992-9B60-E92F1B07BB74}.Debug|Any CPU.Build.0 = Debug|Any CPU
		{9EF413F3-ABB0-4992-9B60-E92F1B07BB74}.Release|Any CPU.ActiveCfg = Release|Any CPU
		{9EF413F3-ABB0-4992-9B60-E92F1B07BB74}.Release|Any CPU.Build.0 = Release|Any CPU
	EndGlobalSection
	GlobalSection(SolutionProperties) = preSolution
		HideSolutionNode = FALSE
	EndGlobalSection
	GlobalSection(ExtensibilityGlobals) = postSolution
		SolutionGuid = {FB0C83BE-4FBB-4416-8AF0-911AC78C432B}
	EndGlobalSection
EndGlobal
